# This file was autogenerated by Stack.
# You should not edit this file by hand.
# For more information, please see the documentation at:
#   https://docs.haskellstack.org/en/stable/lock_files

packages:
- completed:
    hackage: functor-combo-0.3.6@sha256:9fed084600f9023eaae2a7d3fd3597a583f10e688dc6d2aefb0b6d1c6f5c1f85,1666
    pantry-tree:
      size: 1050
      sha256: cbc3e2a7237e5e03aa832a7d04b416563c4f39d7968b922d2eb4806eb1c4c5a8
  original:
    hackage: functor-combo-0.3.6@sha256:9fed084600f9023eaae2a7d3fd3597a583f10e688dc6d2aefb0b6d1c6f5c1f85,1666
- completed:
    hackage: lub-0.1.7@sha256:d940c5bc219bc4510a926ab074c9d05ed864128673f42b94f83185b3a9159ef7,1505
    pantry-tree:
      size: 327
      sha256: 81e89bc91a9a42f02da71ea00c37bb9b2aa10e9a5775ca1f06e0ee1fb18f9311
  original:
    hackage: lub-0.1.7@sha256:d940c5bc219bc4510a926ab074c9d05ed864128673f42b94f83185b3a9159ef7,1505
- completed:
    hackage: type-unary-0.3.2@sha256:66e20ad01c5e4f26fe486dcb59b61eeba72dc8c3540e91ecf59b99c6310e485e,1324
    pantry-tree:
      size: 388
      sha256: 3355ff22ba3785ee59d3e1c1dbec97ed941b7ad70d4b0307c20297fbec86c1df
  original:
    hackage: type-unary-0.3.2@sha256:66e20ad01c5e4f26fe486dcb59b61eeba72dc8c3540e91ecf59b99c6310e485e,1324
- completed:
    hackage: applicative-numbers-0.1.3@sha256:c733f1b1ae473d3a5e201dee792f3510982d6e63bd30c25433467eaef6d62e2c,2442
    pantry-tree:
      size: 374
      sha256: 8c3115a16b8e3ec372880f4d49a28cc6b3b9552af0e79f99fe5dbd2a3092000a
  original:
    hackage: applicative-numbers-0.1.3@sha256:c733f1b1ae473d3a5e201dee792f3510982d6e63bd30c25433467eaef6d62e2c,2442
- completed:
    hackage: ty-0.1.7@sha256:14f890364129a6542216aa70177e6f561727c4b9927264f4647f64c8f0ccb86b,1047
    pantry-tree:
      size: 319
      sha256: b482c5b17d0acd78b153c37b33de51593dda1ac09cf18331913f0940ee0c7c7b
  original:
    hackage: ty-0.1.7@sha256:14f890364129a6542216aa70177e6f561727c4b9927264f4647f64c8f0ccb86b,1047
- completed:
    hackage: unamb-0.2.7@sha256:ce5db0575bca8ca04c9e9dce3ba75b6f9e5ceea834c6ba4fae45aca6fa963334,2385
    pantry-tree:
      size: 217
      sha256: c3c4ac7408c2999b6779714459d2433ff2495f90161d7c3ca349ca3aa6386be8
  original:
    hackage: unamb-0.2.7@sha256:ce5db0575bca8ca04c9e9dce3ba75b6f9e5ceea834c6ba4fae45aca6fa963334,2385
snapshots:
- completed:
    size: 523700
    url: https://raw.githubusercontent.com/commercialhaskell/stackage-snapshots/master/lts/14/7.yaml
    sha256: 8e3f3c894be74d71fa4bf085e0a8baae7e4d7622d07ea31a52736b80f8b9bb1a
  original: lts-14.7
